
Microsoft Visual Studio Solution File, Format Version 12.00
# Visual Studio Version 17
VisualStudioVersion = 17.8.34330.188
MinimumVisualStudioVersion = 10.0.40219.1
Project("{FAE04EC0-301F-11D3-BF4B-00C04F79EFBC}") = "gittest", "gittest\gittest.csproj", "{1BD461F0-0AE6-4EBC-86A8-042A9B8C3E2F}"
EndProject
Global
	GlobalSection(SolutionConfigurationPlatforms) = preSolution
		Debug|Any CPU = Debug|Any CPU
		Release|Any CPU = Release|Any CPU
	EndGlobalSection
	GlobalSection(ProjectConfigurationPlatforms) = postSolution
		{1BD461F0-0AE6-4EBC-86A8-042A9B8C3E2F}.Debug|Any CPU.ActiveCfg = Debug|Any CPU
		{1BD461F0-0AE6-4EBC-86A8-042A9B8C3E2F}.Debug|Any CPU.Build.0 = Debug|Any CPU
		{1BD461F0-0AE6-4EBC-86A8-042A9B8C3E2F}.Release|Any CPU.ActiveCfg = Release|Any CPU
		{1BD461F0-0AE6-4EBC-86A8-042A9B8C3E2F}.Release|Any CPU.Build.0 = Release|Any CPU
	EndGlobalSection
	GlobalSection(SolutionProperties) = preSolution
		HideSolutionNode = FALSE
	EndGlobalSection
	GlobalSection(ExtensibilityGlobals) = postSolution
		SolutionGuid = {20C3224C-A2EB-4A9B-B183-71EA0E8B125D}
	EndGlobalSection
EndGlobal
